
Microsoft Visual Studio Solution File, Format Version 12.00
# Visual Studio 15
VisualStudioVersion = 15.0.28307.572
MinimumVisualStudioVersion = 10.0.40219.1
Project("{FAE04EC0-301F-11D3-BF4B-00C04F79EFBC}") = "PhotoConvertor", "PhotoConvertor\PhotoConvertor.csproj", "{4AEDECB1-B89F-4B0E-9F8B-FBD89949492F}"
EndProject
Global
	GlobalSection(SolutionConfigurationPlatforms) = preSolution
		Debug|Any CPU = Debug|Any CPU
		Release|Any CPU = Release|Any CPU
	EndGlobalSection
	GlobalSection(ProjectConfigurationPlatforms) = postSolution
		{4AEDECB1-B89F-4B0E-9F8B-FBD89949492F}.Debug|Any CPU.ActiveCfg = Debug|Any CPU
		{4AEDECB1-B89F-4B0E-9F8B-FBD89949492F}.Debug|Any CPU.Build.0 = Debug|Any CPU
		{4AEDECB1-B89F-4B0E-9F8B-FBD89949492F}.Release|Any CPU.ActiveCfg = Release|Any CPU
		{4AEDECB1-B89F-4B0E-9F8B-FBD89949492F}.Release|Any CPU.Build.0 = Release|Any CPU
	EndGlobalSection
	GlobalSection(SolutionProperties) = preSolution
		HideSolutionNode = FALSE
	EndGlobalSection
	GlobalSection(ExtensibilityGlobals) = postSolution
		SolutionGuid = {CC48A085-CC5C-48DF-A267-D425C8DC0408}
	EndGlobalSection
EndGlobal
